name = "ghostnaps/jest_circus"
version = "0.1.0"
target = "roblox"

[graph."ghostnaps/diff_sequences"."0.1.0 roblox"]
resolved_ty = "standard"

[graph."ghostnaps/diff_sequences"."0.1.0 roblox".target]
environment = "roblox"
lib = "src/init.lua"
build_files = ["src"]

[graph."ghostnaps/diff_sequences"."0.1.0 roblox".dependencies]
"wally#jsdotlua/luau-polyfill" = ["1.2.7 roblox", "luau-polyfill"]

[graph."ghostnaps/diff_sequences"."0.1.0 roblox".pkg_ref]
ref_ty = "workspace"
path = "src/diff-sequences"

[graph."ghostnaps/diff_sequences"."0.1.0 roblox".pkg_ref.dependencies]
jest-globals = [{ workspace = "ghostnaps/jest_globals", version = "^" }, "dev"]
luau-polyfill = [{ wally = "wally#jsdotlua/luau-polyfill", version = "^1.2.7", index = "https://github.com/UpliftGames/wally-index" }, "standard"]

[graph."ghostnaps/diff_sequences"."0.1.0 roblox".pkg_ref.target]
environment = "roblox"
lib = "src/init.lua"
build_files = ["src"]

[graph."ghostnaps/expect"."0.1.0 roblox"]
resolved_ty = "standard"

[graph."ghostnaps/expect"."0.1.0 roblox".target]
environment = "roblox"
lib = "src/init.lua"
build_files = ["src"]

[graph."ghostnaps/expect"."0.1.0 roblox".dependencies]
"ghostnaps/jest_get_type" = ["0.1.0 roblox", "jest-get-type"]
"ghostnaps/jest_matcher_utils" = ["0.1.0 roblox", "jest-matcher-utils"]
"ghostnaps/jest_message_util" = ["0.1.0 roblox", "jest-message-util"]
"ghostnaps/jest_snapshot" = ["0.1.0 roblox", "jest-snapshot"]
"ghostnaps/jest_util" = ["0.1.0 roblox", "jest-util"]
"ghostnaps/roblox_shared" = ["0.1.0 roblox", "roblox-shared"]
"wally#jsdotlua/luau-polyfill" = ["1.2.7 roblox", "luau-polyfill"]
"wally#jsdotlua/luau-regexp" = ["0.2.1 roblox", "regexp"]
"wally#jsdotlua/promise" = ["3.5.2 roblox", "promise"]

[graph."ghostnaps/expect"."0.1.0 roblox".pkg_ref]
ref_ty = "workspace"
path = "src/expect"

[graph."ghostnaps/expect"."0.1.0 roblox".pkg_ref.dependencies]
chalk-lua = [{ wally = "wally#jsdotlua/chalk", version = "^0.2.1", index = "https://github.com/UpliftGames/wally-index" }, "dev"]
jest-get-type = [{ workspace = "ghostnaps/jest_get_type", version = "^" }, "standard"]
jest-globals = [{ workspace = "ghostnaps/jest_globals", version = "^" }, "dev"]
jest-matcher-utils = [{ workspace = "ghostnaps/jest_matcher_utils", version = "^" }, "standard"]
jest-message-util = [{ workspace = "ghostnaps/jest_message_util", version = "^" }, "standard"]
jest-mock = [{ workspace = "ghostnaps/jest_mock", version = "^" }, "dev"]
jest-snapshot = [{ workspace = "ghostnaps/jest_snapshot", version = "^" }, "standard"]
jest-util = [{ workspace = "ghostnaps/jest_util", version = "^" }, "standard"]
luau-polyfill = [{ wally = "wally#jsdotlua/luau-polyfill", version = "^1.2.7", index = "https://github.com/UpliftGames/wally-index" }, "standard"]
promise = [{ wally = "wally#jsdotlua/promise", version = "^3.5.2", index = "https://github.com/UpliftGames/wally-index" }, "standard"]
regexp = [{ wally = "wally#jsdotlua/luau-regexp", version = "^0.2.1", index = "https://github.com/UpliftGames/wally-index" }, "standard"]
roblox-shared = [{ workspace = "ghostnaps/roblox_shared", version = "^" }, "standard"]
test-utils = [{ workspace = "ghostnaps/test_utils", version = "^" }, "dev"]

[graph."ghostnaps/expect"."0.1.0 roblox".pkg_ref.target]
environment = "roblox"
lib = "src/init.lua"
build_files = ["src"]

[graph."ghostnaps/jest_diff"."0.1.0 roblox"]
resolved_ty = "standard"

[graph."ghostnaps/jest_diff"."0.1.0 roblox".target]
environment = "roblox"
lib = "src/init.lua"
build_files = ["src"]

[graph."ghostnaps/jest_diff"."0.1.0 roblox".dependencies]
"ghostnaps/diff_sequences" = ["0.1.0 roblox", "diff-sequences"]
"ghostnaps/jest_get_type" = ["0.1.0 roblox", "jest-get-type"]
"ghostnaps/jest_types" = ["0.1.0 roblox", "jest-types"]
"ghostnaps/pretty_format" = ["0.1.0 roblox", "pretty-format"]
"wally#jsdotlua/chalk" = ["0.2.1 roblox", "chalk"]
"wally#jsdotlua/luau-polyfill" = ["1.2.7 roblox", "luau-polyfill"]

[graph."ghostnaps/jest_diff"."0.1.0 roblox".pkg_ref]
ref_ty = "workspace"
path = "src/jest-diff"

[graph."ghostnaps/jest_diff"."0.1.0 roblox".pkg_ref.dependencies]
chalk = [{ wally = "wally#jsdotlua/chalk", version = "^0.2.1", index = "https://github.com/UpliftGames/wally-index" }, "standard"]
diff-sequences = [{ workspace = "ghostnaps/diff_sequences", version = "^" }, "standard"]
jest-get-type = [{ workspace = "ghostnaps/jest_get_type", version = "^" }, "standard"]
jest-globals = [{ workspace = "ghostnaps/jest_globals", version = "^" }, "dev"]
jest-types = [{ workspace = "ghostnaps/jest_types", version = "^" }, "standard"]
luau-polyfill = [{ wally = "wally#jsdotlua/luau-polyfill", version = "^1.2.7", index = "https://github.com/UpliftGames/wally-index" }, "standard"]
pretty-format = [{ workspace = "ghostnaps/pretty_format", version = "^" }, "standard"]
test-utils = [{ workspace = "ghostnaps/test_utils", version = "^" }, "dev"]

[graph."ghostnaps/jest_diff"."0.1.0 roblox".pkg_ref.target]
environment = "roblox"
lib = "src/init.lua"
build_files = ["src"]

[graph."ghostnaps/jest_environment"."0.1.0 roblox"]
resolved_ty = "standard"

[graph."ghostnaps/jest_environment"."0.1.0 roblox".target]
environment = "roblox"
lib = "src/init.lua"
build_files = ["src"]

[graph."ghostnaps/jest_environment"."0.1.0 roblox".dependencies]
"ghostnaps/jest_fake_timers" = ["0.1.0 roblox", "jest-fake-timers"]
"ghostnaps/jest_mock" = ["0.1.0 roblox", "jest-mock"]
"ghostnaps/jest_mock_genv" = ["0.1.0 roblox", "jest-mock-genv"]
"ghostnaps/jest_types" = ["0.1.0 roblox", "jest-types"]
"wally#jsdotlua/luau-polyfill" = ["1.2.7 roblox", "luau-polyfill"]

[graph."ghostnaps/jest_environment"."0.1.0 roblox".pkg_ref]
ref_ty = "workspace"
path = "src/jest-environment"

[graph."ghostnaps/jest_environment"."0.1.0 roblox".pkg_ref.dependencies]
jest-fake-timers = [{ workspace = "ghostnaps/jest_fake_timers", version = "^" }, "standard"]
jest-mock = [{ workspace = "ghostnaps/jest_mock", version = "^" }, "standard"]
jest-mock-genv = [{ workspace = "ghostnaps/jest_mock_genv", version = "^" }, "standard"]
jest-types = [{ workspace = "ghostnaps/jest_types", version = "^" }, "standard"]
luau-polyfill = [{ wally = "wally#jsdotlua/luau-polyfill", version = "^1.2.7", index = "https://github.com/UpliftGames/wally-index" }, "standard"]

[graph."ghostnaps/jest_environment"."0.1.0 roblox".pkg_ref.target]
environment = "roblox"
lib = "src/init.lua"
build_files = ["src"]

[graph."ghostnaps/jest_fake_timers"."0.1.0 roblox"]
resolved_ty = "standard"

[graph."ghostnaps/jest_fake_timers"."0.1.0 roblox".target]
environment = "roblox"
lib = "src/init.lua"
build_files = ["src"]

[graph."ghostnaps/jest_fake_timers"."0.1.0 roblox".dependencies]
"ghostnaps/jest_get_type" = ["0.1.0 roblox", "jest-get-type"]
"ghostnaps/jest_mock" = ["0.1.0 roblox", "jest-mock"]
"wally#jsdotlua/luau-polyfill" = ["1.2.7 roblox", "luau-polyfill"]

[graph."ghostnaps/jest_fake_timers"."0.1.0 roblox".pkg_ref]
ref_ty = "workspace"
path = "src/jest-fake-timers"

[graph."ghostnaps/jest_fake_timers"."0.1.0 roblox".pkg_ref.dependencies]
jest-get-type = [{ workspace = "ghostnaps/jest_get_type", version = "^" }, "standard"]
jest-globals = [{ workspace = "ghostnaps/jest_globals", version = "^" }, "dev"]
jest-mock = [{ workspace = "ghostnaps/jest_mock", version = "^" }, "standard"]
luau-polyfill = [{ wally = "wally#jsdotlua/luau-polyfill", version = "^1.2.7", index = "https://github.com/UpliftGames/wally-index" }, "standard"]

[graph."ghostnaps/jest_fake_timers"."0.1.0 roblox".pkg_ref.target]
environment = "roblox"
lib = "src/init.lua"
build_files = ["src"]

[graph."ghostnaps/jest_get_type"."0.1.0 roblox"]
direct = ["jest-get-type", { workspace = "ghostnaps/jest_get_type", version = "^" }, "standard"]
resolved_ty = "standard"

[graph."ghostnaps/jest_get_type"."0.1.0 roblox".target]
environment = "roblox"
lib = "src/init.lua"
build_files = ["src"]

[graph."ghostnaps/jest_get_type"."0.1.0 roblox".dependencies]
"wally#jsdotlua/luau-regexp" = ["0.2.1 roblox", "regexp"]
"wally#jsdotlua/promise" = ["3.5.2 roblox", "promise"]

[graph."ghostnaps/jest_get_type"."0.1.0 roblox".pkg_ref]
ref_ty = "workspace"
path = "src/jest-get-type"

[graph."ghostnaps/jest_get_type"."0.1.0 roblox".pkg_ref.dependencies]
jest-globals = [{ workspace = "ghostnaps/jest_globals", version = "^" }, "dev"]
promise = [{ wally = "wally#jsdotlua/promise", version = "^3.5.2", index = "https://github.com/UpliftGames/wally-index" }, "standard"]
regexp = [{ wally = "wally#jsdotlua/luau-regexp", version = "^0.2.1", index = "https://github.com/UpliftGames/wally-index" }, "standard"]

[graph."ghostnaps/jest_get_type"."0.1.0 roblox".pkg_ref.target]
environment = "roblox"
lib = "src/init.lua"
build_files = ["src"]

[graph."ghostnaps/jest_globals"."0.1.0 roblox"]
direct = ["jest-globals", { workspace = "ghostnaps/jest_globals", version = "^" }, "dev"]
resolved_ty = "dev"

[graph."ghostnaps/jest_globals"."0.1.0 roblox".target]
environment = "roblox"
lib = "src/init.lua"
build_files = ["src"]

[graph."ghostnaps/jest_globals"."0.1.0 roblox".dependencies]
"ghostnaps/expect" = ["0.1.0 roblox", "expect"]
"ghostnaps/jest_environment" = ["0.1.0 roblox", "jest-environment"]
"ghostnaps/jest_types" = ["0.1.0 roblox", "jest-types"]
"wally#jsdotlua/luau-polyfill" = ["1.2.7 roblox", "luau-polyfill"]

[graph."ghostnaps/jest_globals"."0.1.0 roblox".pkg_ref]
ref_ty = "workspace"
path = "src/jest-globals"

[graph."ghostnaps/jest_globals"."0.1.0 roblox".pkg_ref.dependencies]
expect = [{ workspace = "ghostnaps/expect", version = "^" }, "standard"]
jest-environment = [{ workspace = "ghostnaps/jest_environment", version = "^" }, "standard"]
jest-globals = [{ workspace = "ghostnaps/jest_globals", version = "^" }, "dev"]
jest-types = [{ workspace = "ghostnaps/jest_types", version = "^" }, "standard"]
luau-polyfill = [{ wally = "wally#jsdotlua/luau-polyfill", version = "^1.2.7", index = "https://github.com/UpliftGames/wally-index" }, "standard"]

[graph."ghostnaps/jest_globals"."0.1.0 roblox".pkg_ref.target]
environment = "roblox"
lib = "src/init.lua"
build_files = ["src"]

[graph."ghostnaps/jest_matcher_utils"."0.1.0 roblox"]
resolved_ty = "standard"

[graph."ghostnaps/jest_matcher_utils"."0.1.0 roblox".target]
environment = "roblox"
lib = "src/init.lua"
build_files = ["src"]

[graph."ghostnaps/jest_matcher_utils"."0.1.0 roblox".dependencies]
"ghostnaps/jest_diff" = ["0.1.0 roblox", "jest-diff"]
"ghostnaps/jest_get_type" = ["0.1.0 roblox", "jest-get-type"]
"ghostnaps/pretty_format" = ["0.1.0 roblox", "pretty-format"]
"wally#jsdotlua/chalk" = ["0.2.1 roblox", "chalk"]
"wally#jsdotlua/luau-polyfill" = ["1.2.7 roblox", "luau-polyfill"]
"wally#jsdotlua/luau-regexp" = ["0.2.1 roblox", "regexp"]

[graph."ghostnaps/jest_matcher_utils"."0.1.0 roblox".pkg_ref]
ref_ty = "workspace"
path = "src/jest-matcher-utils"

[graph."ghostnaps/jest_matcher_utils"."0.1.0 roblox".pkg_ref.dependencies]
chalk = [{ wally = "wally#jsdotlua/chalk", version = "^0.2.1", index = "https://github.com/UpliftGames/wally-index" }, "standard"]
jest-diff = [{ workspace = "ghostnaps/jest_diff", version = "^" }, "standard"]
jest-get-type = [{ workspace = "ghostnaps/jest_get_type", version = "^" }, "standard"]
jest-globals = [{ workspace = "ghostnaps/jest_globals", version = "^" }, "dev"]
luau-polyfill = [{ wally = "wally#jsdotlua/luau-polyfill", version = "^1.2.7", index = "https://github.com/UpliftGames/wally-index" }, "standard"]
pretty-format = [{ workspace = "ghostnaps/pretty_format", version = "^" }, "standard"]
regexp = [{ wally = "wally#jsdotlua/luau-regexp", version = "^0.2.1", index = "https://github.com/UpliftGames/wally-index" }, "standard"]
roblox-shared = [{ workspace = "ghostnaps/roblox_shared", version = "^" }, "dev"]
test-utils = [{ workspace = "ghostnaps/test_utils", version = "^" }, "dev"]

[graph."ghostnaps/jest_matcher_utils"."0.1.0 roblox".pkg_ref.target]
environment = "roblox"
lib = "src/init.lua"
build_files = ["src"]

[graph."ghostnaps/jest_message_util"."0.1.0 roblox"]
resolved_ty = "standard"

[graph."ghostnaps/jest_message_util"."0.1.0 roblox".target]
environment = "roblox"
lib = "src/init.lua"
build_files = ["src"]

[graph."ghostnaps/jest_message_util"."0.1.0 roblox".dependencies]
"ghostnaps/jest_get_type" = ["0.1.0 roblox", "jest-get-type"]
"ghostnaps/jest_matcher_utils" = ["0.1.0 roblox", "jest-matcher-utils"]
"ghostnaps/jest_message_util" = ["0.1.0 roblox", "jest-message-util"]
"ghostnaps/jest_snapshot" = ["0.1.0 roblox", "jest-snapshot"]
"ghostnaps/jest_types" = ["0.1.0 roblox", "jest-types"]
"ghostnaps/jest_util" = ["0.1.0 roblox", "jest-util"]
"ghostnaps/pretty_format" = ["0.1.0 roblox", "pretty-format"]
"ghostnaps/roblox_shared" = ["0.1.0 roblox", "roblox-shared"]
"wally#jsdotlua/chalk" = ["0.2.1 roblox", "chalk-lua"]
"wally#jsdotlua/luau-polyfill" = ["1.2.7 roblox", "luau-polyfill"]
"wally#jsdotlua/luau-regexp" = ["0.2.1 roblox", "regexp"]

[graph."ghostnaps/jest_message_util"."0.1.0 roblox".pkg_ref]
ref_ty = "workspace"
path = "src/jest-message-util"

[graph."ghostnaps/jest_message_util"."0.1.0 roblox".pkg_ref.dependencies]
chalk-lua = [{ wally = "wally#jsdotlua/chalk", version = "^0.2.1", index = "https://github.com/UpliftGames/wally-index" }, "standard"]
jest-get-type = [{ workspace = "ghostnaps/jest_get_type", version = "^" }, "standard"]
jest-globals = [{ workspace = "ghostnaps/jest_globals", version = "^" }, "dev"]
jest-matcher-utils = [{ workspace = "ghostnaps/jest_matcher_utils", version = "^" }, "standard"]
jest-message-util = [{ workspace = "ghostnaps/jest_message_util", version = "^" }, "standard"]
jest-snapshot = [{ workspace = "ghostnaps/jest_snapshot", version = "^" }, "standard"]
jest-snapshot-serializer-raw = [{ workspace = "ghostnaps/jest_snapshot_serializer_raw", version = "^" }, "dev"]
jest-types = [{ workspace = "ghostnaps/jest_types", version = "^" }, "standard"]
jest-util = [{ workspace = "ghostnaps/jest_util", version = "^" }, "standard"]
luau-polyfill = [{ wally = "wally#jsdotlua/luau-polyfill", version = "^1.2.7", index = "https://github.com/UpliftGames/wally-index" }, "standard"]
pretty-format = [{ workspace = "ghostnaps/pretty_format", version = "^" }, "standard"]
promise = [{ wally = "wally#jsdotlua/promise", version = "^3.5.2", index = "https://github.com/UpliftGames/wally-index" }, "dev"]
regexp = [{ wally = "wally#jsdotlua/luau-regexp", version = "^0.2.1", index = "https://github.com/UpliftGames/wally-index" }, "standard"]
roblox-shared = [{ workspace = "ghostnaps/roblox_shared", version = "^" }, "standard"]

[graph."ghostnaps/jest_message_util"."0.1.0 roblox".pkg_ref.target]
environment = "roblox"
lib = "src/init.lua"
build_files = ["src"]

[graph."ghostnaps/jest_mock"."0.1.0 roblox"]
resolved_ty = "standard"

[graph."ghostnaps/jest_mock"."0.1.0 roblox".target]
environment = "roblox"
lib = "src/init.lua"
build_files = ["src"]

[graph."ghostnaps/jest_mock"."0.1.0 roblox".dependencies]
"ghostnaps/jest_mock_genv" = ["0.1.0 roblox", "jest-mock-genv"]
"ghostnaps/jest_types" = ["0.1.0 roblox", "jest-types"]
"wally#jsdotlua/luau-polyfill" = ["1.2.7 roblox", "luau-polyfill"]

[graph."ghostnaps/jest_mock"."0.1.0 roblox".pkg_ref]
ref_ty = "workspace"
path = "src/jest-mock"

[graph."ghostnaps/jest_mock"."0.1.0 roblox".pkg_ref.dependencies]
jest-config = [{ workspace = "ghostnaps/jest_config", version = "^" }, "dev"]
jest-globals = [{ workspace = "ghostnaps/jest_globals", version = "^" }, "dev"]
jest-mock-genv = [{ workspace = "ghostnaps/jest_mock_genv", version = "^" }, "standard"]
jest-types = [{ workspace = "ghostnaps/jest_types", version = "^" }, "standard"]
luau-polyfill = [{ wally = "wally#jsdotlua/luau-polyfill", version = "^1.2.7", index = "https://github.com/UpliftGames/wally-index" }, "standard"]

[graph."ghostnaps/jest_mock"."0.1.0 roblox".pkg_ref.target]
environment = "roblox"
lib = "src/init.lua"
build_files = ["src"]

[graph."ghostnaps/jest_mock_genv"."0.1.0 roblox"]
resolved_ty = "standard"

[graph."ghostnaps/jest_mock_genv"."0.1.0 roblox".target]
environment = "roblox"
lib = "src/init.lua"
build_files = ["src"]

[graph."ghostnaps/jest_mock_genv"."0.1.0 roblox".dependencies]
"wally#jsdotlua/luau-polyfill" = ["1.2.7 roblox", "luau-polyfill"]

[graph."ghostnaps/jest_mock_genv"."0.1.0 roblox".pkg_ref]
ref_ty = "workspace"
path = "src/jest-mock-genv"

[graph."ghostnaps/jest_mock_genv"."0.1.0 roblox".pkg_ref.dependencies]
jest-globals = [{ workspace = "ghostnaps/jest_globals", version = "^" }, "dev"]
luau-polyfill = [{ wally = "wally#jsdotlua/luau-polyfill", version = "^1.2.7", index = "https://github.com/UpliftGames/wally-index" }, "standard"]

[graph."ghostnaps/jest_mock_genv"."0.1.0 roblox".pkg_ref.target]
environment = "roblox"
lib = "src/init.lua"
build_files = ["src"]

[graph."ghostnaps/jest_snapshot"."0.1.0 roblox"]
resolved_ty = "standard"

[graph."ghostnaps/jest_snapshot"."0.1.0 roblox".target]
environment = "roblox"
lib = "src/init.lua"
build_files = ["src"]

[graph."ghostnaps/jest_snapshot"."0.1.0 roblox".dependencies]
"ghostnaps/jest_diff" = ["0.1.0 roblox", "jest-diff"]
"ghostnaps/jest_get_type" = ["0.1.0 roblox", "jest-get-type"]
"ghostnaps/jest_matcher_utils" = ["0.1.0 roblox", "jest-matcher-utils"]
"ghostnaps/jest_types" = ["0.1.0 roblox", "jest-types"]
"ghostnaps/pretty_format" = ["0.1.0 roblox", "pretty-format"]
"ghostnaps/roblox_shared" = ["0.1.0 roblox", "roblox-shared"]
"wally#jsdotlua/chalk" = ["0.2.1 roblox", "chalk"]
"wally#jsdotlua/luau-polyfill" = ["1.2.7 roblox", "luau-polyfill"]
"wally#jsdotlua/promise" = ["3.5.2 roblox", "promise"]

[graph."ghostnaps/jest_snapshot"."0.1.0 roblox".pkg_ref]
ref_ty = "workspace"
path = "src/jest-snapshot"

[graph."ghostnaps/jest_snapshot"."0.1.0 roblox".pkg_ref.dependencies]
chalk = [{ wally = "wally#jsdotlua/chalk", version = "^0.2.1", index = "https://github.com/UpliftGames/wally-index" }, "standard"]
jest-diff = [{ workspace = "ghostnaps/jest_diff", version = "^" }, "standard"]
jest-get-type = [{ workspace = "ghostnaps/jest_get_type", version = "^" }, "standard"]
jest-globals = [{ workspace = "ghostnaps/jest_globals", version = "^" }, "dev"]
jest-matcher-utils = [{ workspace = "ghostnaps/jest_matcher_utils", version = "^" }, "standard"]
jest-types = [{ workspace = "ghostnaps/jest_types", version = "^" }, "standard"]
luau-polyfill = [{ wally = "wally#jsdotlua/luau-polyfill", version = "^1.2.7", index = "https://github.com/UpliftGames/wally-index" }, "standard"]
pretty-format = [{ workspace = "ghostnaps/pretty_format", version = "^" }, "standard"]
promise = [{ wally = "wally#jsdotlua/promise", version = "^3.5.2", index = "https://github.com/UpliftGames/wally-index" }, "standard"]
roblox-shared = [{ workspace = "ghostnaps/roblox_shared", version = "^" }, "standard"]

[graph."ghostnaps/jest_snapshot"."0.1.0 roblox".pkg_ref.target]
environment = "roblox"
lib = "src/init.lua"
build_files = ["src"]

[graph."ghostnaps/jest_types"."0.1.0 roblox"]
direct = ["jest-types", { workspace = "ghostnaps/jest_types", version = "^" }, "standard"]
resolved_ty = "standard"

[graph."ghostnaps/jest_types"."0.1.0 roblox".target]
environment = "roblox"
lib = "src/init.lua"
build_files = ["src"]

[graph."ghostnaps/jest_types"."0.1.0 roblox".dependencies]
"wally#jsdotlua/luau-polyfill" = ["1.2.7 roblox", "luau-polyfill"]
"wally#jsdotlua/luau-regexp" = ["0.2.1 roblox", "regexp"]

[graph."ghostnaps/jest_types"."0.1.0 roblox".pkg_ref]
ref_ty = "workspace"
path = "src/jest-types"

[graph."ghostnaps/jest_types"."0.1.0 roblox".pkg_ref.dependencies]
luau-polyfill = [{ wally = "wally#jsdotlua/luau-polyfill", version = "^1.2.7", index = "https://github.com/UpliftGames/wally-index" }, "standard"]
regexp = [{ wally = "wally#jsdotlua/luau-regexp", version = "^0.2.1", index = "https://github.com/UpliftGames/wally-index" }, "standard"]

[graph."ghostnaps/jest_types"."0.1.0 roblox".pkg_ref.target]
environment = "roblox"
lib = "src/init.lua"
build_files = ["src"]

[graph."ghostnaps/jest_util"."0.1.0 roblox"]
direct = ["jest-util", { workspace = "ghostnaps/jest_util", version = "^" }, "standard"]
resolved_ty = "standard"

[graph."ghostnaps/jest_util"."0.1.0 roblox".target]
environment = "roblox"
lib = "src/init.lua"
build_files = ["src"]

[graph."ghostnaps/jest_util"."0.1.0 roblox".dependencies]
"ghostnaps/jest_types" = ["0.1.0 roblox", "jest_types"]
"ghostnaps/roblox_shared" = ["0.1.0 roblox", "roblox-shared"]
"wally#jsdotlua/chalk" = ["0.2.1 roblox", "chalk-lua"]
"wally#jsdotlua/luau-polyfill" = ["1.2.7 roblox", "luau-polyfill"]
"wally#jsdotlua/luau-regexp" = ["0.2.1 roblox", "regexp"]
"wally#jsdotlua/picomatch" = ["0.4.0 roblox", "picomatch"]
"wally#jsdotlua/promise" = ["3.5.2 roblox", "promise"]

[graph."ghostnaps/jest_util"."0.1.0 roblox".pkg_ref]
ref_ty = "workspace"
path = "src/jest-util"

[graph."ghostnaps/jest_util"."0.1.0 roblox".pkg_ref.dependencies]
chalk-lua = [{ wally = "wally#jsdotlua/chalk", version = "^0.2.1", index = "https://github.com/UpliftGames/wally-index" }, "standard"]
jest-globals = [{ workspace = "ghostnaps/jest_globals", version = "^" }, "dev"]
jest_types = [{ workspace = "ghostnaps/jest_types", version = "^" }, "standard"]
luau-polyfill = [{ wally = "wally#jsdotlua/luau-polyfill", version = "^1.2.7", index = "https://github.com/UpliftGames/wally-index" }, "standard"]
picomatch = [{ wally = "wally#jsdotlua/picomatch", version = "^0.4.0", index = "https://github.com/UpliftGames/wally-index" }, "standard"]
promise = [{ wally = "wally#jsdotlua/promise", version = "^3.5.2", index = "https://github.com/UpliftGames/wally-index" }, "standard"]
regexp = [{ wally = "wally#jsdotlua/luau-regexp", version = "^0.2.1", index = "https://github.com/UpliftGames/wally-index" }, "standard"]
roblox-shared = [{ workspace = "ghostnaps/roblox_shared", version = "^" }, "standard"]

[graph."ghostnaps/jest_util"."0.1.0 roblox".pkg_ref.target]
environment = "roblox"
lib = "src/init.lua"
build_files = ["src"]

[graph."ghostnaps/pretty_format"."0.1.0 roblox"]
direct = ["pretty-format", { workspace = "ghostnaps/pretty_format", version = "^" }, "standard"]
resolved_ty = "standard"

[graph."ghostnaps/pretty_format"."0.1.0 roblox".target]
environment = "roblox"
lib = "src/init.lua"
build_files = ["src"]

[graph."ghostnaps/pretty_format"."0.1.0 roblox".dependencies]
"ghostnaps/jest_get_type" = ["0.1.0 roblox", "jest-get-type"]
"ghostnaps/roblox_shared" = ["0.1.0 roblox", "roblox-shared"]
"wally#jsdotlua/chalk" = ["0.2.1 roblox", "chalk"]
"wally#jsdotlua/luau-polyfill" = ["1.2.7 roblox", "luau-polyfill"]
"wally#jsdotlua/luau-regexp" = ["0.2.1 roblox", "regexp"]
"wally#jsdotlua/react-is" = ["17.2.0 roblox", "react-is"]

[graph."ghostnaps/pretty_format"."0.1.0 roblox".pkg_ref]
ref_ty = "workspace"
path = "src/pretty-format"

[graph."ghostnaps/pretty_format"."0.1.0 roblox".pkg_ref.dependencies]
chalk = [{ wally = "wally#jsdotlua/chalk", version = "^0.2.1", index = "https://github.com/UpliftGames/wally-index" }, "standard"]
jest-get-type = [{ workspace = "ghostnaps/jest_get_type", version = "^" }, "standard"]
jest-globals = [{ workspace = "ghostnaps/jest_globals", version = "^" }, "dev"]
luau-polyfill = [{ wally = "wally#jsdotlua/luau-polyfill", version = "^1.2.7", index = "https://github.com/UpliftGames/wally-index" }, "standard"]
react = [{ wally = "wally#jsdotlua/react", version = "^17.2.0", index = "https://github.com/UpliftGames/wally-index" }, "dev"]
react-is = [{ wally = "wally#jsdotlua/react-is", version = "^17.2.0", index = "https://github.com/UpliftGames/wally-index" }, "standard"]
react-test-renderer = [{ wally = "wally#jsdotlua/react-test-renderer", version = "^17.2.0", index = "https://github.com/UpliftGames/wally-index" }, "dev"]
regexp = [{ wally = "wally#jsdotlua/luau-regexp", version = "^0.2.1", index = "https://github.com/UpliftGames/wally-index" }, "standard"]
roblox-shared = [{ workspace = "ghostnaps/roblox_shared", version = "^" }, "standard"]

[graph."ghostnaps/pretty_format"."0.1.0 roblox".pkg_ref.target]
environment = "roblox"
lib = "src/init.lua"
build_files = ["src"]

[graph."ghostnaps/roblox_shared"."0.1.0 roblox"]
resolved_ty = "standard"

[graph."ghostnaps/roblox_shared"."0.1.0 roblox".target]
environment = "roblox"
lib = "src/init.lua"
build_files = ["src"]

[graph."ghostnaps/roblox_shared"."0.1.0 roblox".dependencies]
"ghostnaps/jest_get_type" = ["0.1.0 roblox", "jest-get-type"]
"ghostnaps/jest_mock" = ["0.1.0 roblox", "jest-mock"]
"wally#jsdotlua/luau-polyfill" = ["1.2.7 roblox", "luau-polyfill"]

[graph."ghostnaps/roblox_shared"."0.1.0 roblox".pkg_ref]
ref_ty = "workspace"
path = "src/roblox-shared"

[graph."ghostnaps/roblox_shared"."0.1.0 roblox".pkg_ref.dependencies]
jest-config = [{ workspace = "ghostnaps/jest_config", version = "^" }, "dev"]
jest-get-type = [{ workspace = "ghostnaps/jest_get_type", version = "^" }, "standard"]
jest-globals = [{ workspace = "ghostnaps/jest_globals", version = "^" }, "dev"]
jest-mock = [{ workspace = "ghostnaps/jest_mock", version = "^" }, "standard"]
luau-polyfill = [{ wally = "wally#jsdotlua/luau-polyfill", version = "^1.2.7", index = "https://github.com/UpliftGames/wally-index" }, "standard"]

[graph."ghostnaps/roblox_shared"."0.1.0 roblox".pkg_ref.target]
environment = "roblox"
lib = "src/init.lua"
build_files = ["src"]

[graph."wally#jsdotlua/boolean"."1.2.7 roblox"]
resolved_ty = "standard"

[graph."wally#jsdotlua/boolean"."1.2.7 roblox".target]
environment = "roblox"
lib = "src/init.lua"
build_files = []

[graph."wally#jsdotlua/boolean"."1.2.7 roblox".dependencies]
"wally#jsdotlua/number" = ["1.2.7 roblox", "number"]

[graph."wally#jsdotlua/boolean"."1.2.7 roblox".pkg_ref]
ref_ty = "wally"
wally = "wally#jsdotlua/boolean"
version = "1.2.7"
index_url = "https://github.com/UpliftGames/wally-index"

[graph."wally#jsdotlua/boolean"."1.2.7 roblox".pkg_ref.dependencies]
number = [{ wally = "wally#jsdotlua/number", version = ">=1.2.7, <2.0.0", index = "https://github.com/UpliftGames/wally-index" }, "standard"]

[graph."wally#jsdotlua/chalk"."0.2.1 roblox"]
direct = ["chalk", { wally = "wally#jsdotlua/chalk", version = "^0.2.1" }, "standard"]
resolved_ty = "standard"

[graph."wally#jsdotlua/chalk"."0.2.1 roblox".target]
environment = "roblox"
lib = "src/init.lua"
build_files = []

[graph."wally#jsdotlua/chalk"."0.2.1 roblox".pkg_ref]
ref_ty = "wally"
wally = "wally#jsdotlua/chalk"
version = "0.2.1"
index_url = "https://github.com/UpliftGames/wally-index"

[graph."wally#jsdotlua/collections"."1.2.7 roblox"]
resolved_ty = "standard"

[graph."wally#jsdotlua/collections"."1.2.7 roblox".target]
environment = "roblox"
lib = "src/init.lua"
build_files = []

[graph."wally#jsdotlua/collections"."1.2.7 roblox".dependencies]
"wally#jsdotlua/es7-types" = ["1.2.7 roblox", "es7-types"]
"wally#jsdotlua/instance-of" = ["1.2.7 roblox", "instance-of"]

[graph."wally#jsdotlua/collections"."1.2.7 roblox".pkg_ref]
ref_ty = "wally"
wally = "wally#jsdotlua/collections"
version = "1.2.7"
index_url = "https://github.com/UpliftGames/wally-index"

[graph."wally#jsdotlua/collections"."1.2.7 roblox".pkg_ref.dependencies]
es7-types = [{ wally = "wally#jsdotlua/es7-types", version = ">=1.2.7, <2.0.0", index = "https://github.com/UpliftGames/wally-index" }, "standard"]
instance-of = [{ wally = "wally#jsdotlua/instance-of", version = ">=1.2.7, <2.0.0", index = "https://github.com/UpliftGames/wally-index" }, "standard"]

[graph."wally#jsdotlua/console"."1.2.7 roblox"]
resolved_ty = "standard"

[graph."wally#jsdotlua/console"."1.2.7 roblox".target]
environment = "roblox"
lib = "src/init.lua"
build_files = []

[graph."wally#jsdotlua/console"."1.2.7 roblox".dependencies]
"wally#jsdotlua/collections" = ["1.2.7 roblox", "collections"]

[graph."wally#jsdotlua/console"."1.2.7 roblox".pkg_ref]
ref_ty = "wally"
wally = "wally#jsdotlua/console"
version = "1.2.7"
index_url = "https://github.com/UpliftGames/wally-index"

[graph."wally#jsdotlua/console"."1.2.7 roblox".pkg_ref.dependencies]
collections = [{ wally = "wally#jsdotlua/collections", version = ">=1.2.7, <2.0.0", index = "https://github.com/UpliftGames/wally-index" }, "standard"]

[graph."wally#jsdotlua/es7-types"."1.2.7 roblox"]
resolved_ty = "standard"

[graph."wally#jsdotlua/es7-types"."1.2.7 roblox".target]
environment = "roblox"
lib = "src/init.lua"
build_files = []

[graph."wally#jsdotlua/es7-types"."1.2.7 roblox".pkg_ref]
ref_ty = "wally"
wally = "wally#jsdotlua/es7-types"
version = "1.2.7"
index_url = "https://github.com/UpliftGames/wally-index"

[graph."wally#jsdotlua/instance-of"."1.2.7 roblox"]
resolved_ty = "standard"

[graph."wally#jsdotlua/instance-of"."1.2.7 roblox".target]
environment = "roblox"
lib = "src/init.lua"
build_files = []

[graph."wally#jsdotlua/instance-of"."1.2.7 roblox".pkg_ref]
ref_ty = "wally"
wally = "wally#jsdotlua/instance-of"
version = "1.2.7"
index_url = "https://github.com/UpliftGames/wally-index"

[graph."wally#jsdotlua/luau-polyfill"."1.2.7 roblox"]
direct = ["luau-polyfill", { wally = "wally#jsdotlua/luau-polyfill", version = "^1.2.7" }, "standard"]
resolved_ty = "standard"

[graph."wally#jsdotlua/luau-polyfill"."1.2.7 roblox".target]
environment = "roblox"
lib = "src/init.lua"
build_files = []

[graph."wally#jsdotlua/luau-polyfill"."1.2.7 roblox".dependencies]
"wally#jsdotlua/boolean" = ["1.2.7 roblox", "boolean"]
"wally#jsdotlua/collections" = ["1.2.7 roblox", "collections"]
"wally#jsdotlua/console" = ["1.2.7 roblox", "console"]
"wally#jsdotlua/es7-types" = ["1.2.7 roblox", "es7-types"]
"wally#jsdotlua/instance-of" = ["1.2.7 roblox", "instance-of"]
"wally#jsdotlua/math" = ["1.2.7 roblox", "math"]
"wally#jsdotlua/number" = ["1.2.7 roblox", "number"]
"wally#jsdotlua/string" = ["1.2.7 roblox", "string"]
"wally#jsdotlua/symbol-luau" = ["1.0.1 roblox", "symbol-luau"]
"wally#jsdotlua/timers" = ["1.2.7 roblox", "timers"]

[graph."wally#jsdotlua/luau-polyfill"."1.2.7 roblox".pkg_ref]
ref_ty = "wally"
wally = "wally#jsdotlua/luau-polyfill"
version = "1.2.7"
index_url = "https://github.com/UpliftGames/wally-index"

[graph."wally#jsdotlua/luau-polyfill"."1.2.7 roblox".pkg_ref.dependencies]
boolean = [{ wally = "wally#jsdotlua/boolean", version = ">=1.2.7, <2.0.0", index = "https://github.com/UpliftGames/wally-index" }, "standard"]
collections = [{ wally = "wally#jsdotlua/collections", version = ">=1.2.7, <2.0.0", index = "https://github.com/UpliftGames/wally-index" }, "standard"]
console = [{ wally = "wally#jsdotlua/console", version = ">=1.2.7, <2.0.0", index = "https://github.com/UpliftGames/wally-index" }, "standard"]
es7-types = [{ wally = "wally#jsdotlua/es7-types", version = ">=1.2.7, <2.0.0", index = "https://github.com/UpliftGames/wally-index" }, "standard"]
instance-of = [{ wally = "wally#jsdotlua/instance-of", version = ">=1.2.7, <2.0.0", index = "https://github.com/UpliftGames/wally-index" }, "standard"]
math = [{ wally = "wally#jsdotlua/math", version = ">=1.2.7, <2.0.0", index = "https://github.com/UpliftGames/wally-index" }, "standard"]
number = [{ wally = "wally#jsdotlua/number", version = ">=1.2.7, <2.0.0", index = "https://github.com/UpliftGames/wally-index" }, "standard"]
string = [{ wally = "wally#jsdotlua/string", version = ">=1.2.7, <2.0.0", index = "https://github.com/UpliftGames/wally-index" }, "standard"]
symbol-luau = [{ wally = "wally#jsdotlua/symbol-luau", version = ">=1.0.0, <2.0.0", index = "https://github.com/UpliftGames/wally-index" }, "standard"]
timers = [{ wally = "wally#jsdotlua/timers", version = ">=1.2.7, <2.0.0", index = "https://github.com/UpliftGames/wally-index" }, "standard"]

[graph."wally#jsdotlua/luau-regexp"."0.2.1 roblox"]
direct = ["regexp", { wally = "wally#jsdotlua/luau-regexp", version = "^0.2.1" }, "standard"]
resolved_ty = "standard"

[graph."wally#jsdotlua/luau-regexp"."0.2.1 roblox".target]
environment = "roblox"
lib = "src/init.lua"
build_files = []

[graph."wally#jsdotlua/luau-regexp"."0.2.1 roblox".pkg_ref]
ref_ty = "wally"
wally = "wally#jsdotlua/luau-regexp"
version = "0.2.1"
index_url = "https://github.com/UpliftGames/wally-index"

[graph."wally#jsdotlua/math"."1.2.7 roblox"]
resolved_ty = "standard"

[graph."wally#jsdotlua/math"."1.2.7 roblox".target]
environment = "roblox"
lib = "src/init.lua"
build_files = []

[graph."wally#jsdotlua/math"."1.2.7 roblox".pkg_ref]
ref_ty = "wally"
wally = "wally#jsdotlua/math"
version = "1.2.7"
index_url = "https://github.com/UpliftGames/wally-index"

[graph."wally#jsdotlua/number"."1.2.7 roblox"]
resolved_ty = "standard"

[graph."wally#jsdotlua/number"."1.2.7 roblox".target]
environment = "roblox"
lib = "src/init.lua"
build_files = []

[graph."wally#jsdotlua/number"."1.2.7 roblox".pkg_ref]
ref_ty = "wally"
wally = "wally#jsdotlua/number"
version = "1.2.7"
index_url = "https://github.com/UpliftGames/wally-index"

[graph."wally#jsdotlua/picomatch"."0.4.0 roblox"]
resolved_ty = "standard"

[graph."wally#jsdotlua/picomatch"."0.4.0 roblox".target]
environment = "roblox"
lib = "src/init.lua"
build_files = []

[graph."wally#jsdotlua/picomatch"."0.4.0 roblox".dependencies]
"wally#jsdotlua/luau-polyfill" = ["1.2.7 roblox", "luau-polyfill"]
"wally#jsdotlua/luau-regexp" = ["0.2.1 roblox", "luau-regexp"]
"wally#jsdotlua/promise" = ["3.5.2 roblox", "promise"]

[graph."wally#jsdotlua/picomatch"."0.4.0 roblox".pkg_ref]
ref_ty = "wally"
wally = "wally#jsdotlua/picomatch"
version = "0.4.0"
index_url = "https://github.com/UpliftGames/wally-index"

[graph."wally#jsdotlua/picomatch"."0.4.0 roblox".pkg_ref.dependencies]
luau-polyfill = [{ wally = "wally#jsdotlua/luau-polyfill", version = ">=1.2.6, <2.0.0", index = "https://github.com/UpliftGames/wally-index" }, "standard"]
luau-regexp = [{ wally = "wally#jsdotlua/luau-regexp", version = ">=0.2.1, <0.3.0", index = "https://github.com/UpliftGames/wally-index" }, "standard"]
promise = [{ wally = "wally#jsdotlua/promise", version = ">=3.5.0, <4.0.0", index = "https://github.com/UpliftGames/wally-index" }, "standard"]

[graph."wally#jsdotlua/promise"."3.5.2 roblox"]
resolved_ty = "standard"

[graph."wally#jsdotlua/promise"."3.5.2 roblox".target]
environment = "roblox"
lib = "lib/init.lua"
build_files = []

[graph."wally#jsdotlua/promise"."3.5.2 roblox".pkg_ref]
ref_ty = "wally"
wally = "wally#jsdotlua/promise"
version = "3.5.2"
index_url = "https://github.com/UpliftGames/wally-index"

[graph."wally#jsdotlua/react-is"."17.2.0 roblox"]
resolved_ty = "standard"

[graph."wally#jsdotlua/react-is"."17.2.0 roblox".target]
environment = "roblox"
lib = "src/init.luau"
build_files = []

[graph."wally#jsdotlua/react-is"."17.2.0 roblox".dependencies]
"wally#jsdotlua/shared" = ["17.2.0 roblox", "shared"]

[graph."wally#jsdotlua/react-is"."17.2.0 roblox".pkg_ref]
ref_ty = "wally"
wally = "wally#jsdotlua/react-is"
version = "17.2.0"
index_url = "https://github.com/UpliftGames/wally-index"

[graph."wally#jsdotlua/react-is"."17.2.0 roblox".pkg_ref.dependencies]
shared = [{ wally = "wally#jsdotlua/shared", version = ">=17.2.0, <18.0.0", index = "https://github.com/UpliftGames/wally-index" }, "standard"]

[graph."wally#jsdotlua/shared"."17.2.0 roblox"]
resolved_ty = "standard"

[graph."wally#jsdotlua/shared"."17.2.0 roblox".target]
environment = "roblox"
lib = "src/init.luau"
build_files = []

[graph."wally#jsdotlua/shared"."17.2.0 roblox".dependencies]
"wally#jsdotlua/luau-polyfill" = ["1.2.7 roblox", "luau-polyfill"]

[graph."wally#jsdotlua/shared"."17.2.0 roblox".pkg_ref]
ref_ty = "wally"
wally = "wally#jsdotlua/shared"
version = "17.2.0"
index_url = "https://github.com/UpliftGames/wally-index"

[graph."wally#jsdotlua/shared"."17.2.0 roblox".pkg_ref.dependencies]
luau-polyfill = [{ wally = "wally#jsdotlua/luau-polyfill", version = ">=1.2.6, <2.0.0", index = "https://github.com/UpliftGames/wally-index" }, "standard"]

[graph."wally#jsdotlua/string"."1.2.7 roblox"]
resolved_ty = "standard"

[graph."wally#jsdotlua/string"."1.2.7 roblox".target]
environment = "roblox"
lib = "src/init.lua"
build_files = []

[graph."wally#jsdotlua/string"."1.2.7 roblox".dependencies]
"wally#jsdotlua/es7-types" = ["1.2.7 roblox", "es7-types"]
"wally#jsdotlua/number" = ["1.2.7 roblox", "number"]

[graph."wally#jsdotlua/string"."1.2.7 roblox".pkg_ref]
ref_ty = "wally"
wally = "wally#jsdotlua/string"
version = "1.2.7"
index_url = "https://github.com/UpliftGames/wally-index"

[graph."wally#jsdotlua/string"."1.2.7 roblox".pkg_ref.dependencies]
es7-types = [{ wally = "wally#jsdotlua/es7-types", version = ">=1.2.7, <2.0.0", index = "https://github.com/UpliftGames/wally-index" }, "standard"]
number = [{ wally = "wally#jsdotlua/number", version = ">=1.2.7, <2.0.0", index = "https://github.com/UpliftGames/wally-index" }, "standard"]

[graph."wally#jsdotlua/symbol-luau"."1.0.1 roblox"]
resolved_ty = "standard"

[graph."wally#jsdotlua/symbol-luau"."1.0.1 roblox".target]
environment = "roblox"
lib = "src/init.lua"
build_files = []

[graph."wally#jsdotlua/symbol-luau"."1.0.1 roblox".pkg_ref]
ref_ty = "wally"
wally = "wally#jsdotlua/symbol-luau"
version = "1.0.1"
index_url = "https://github.com/UpliftGames/wally-index"

[graph."wally#jsdotlua/timers"."1.2.7 roblox"]
resolved_ty = "standard"

[graph."wally#jsdotlua/timers"."1.2.7 roblox".target]
environment = "roblox"
lib = "src/init.lua"
build_files = []

[graph."wally#jsdotlua/timers"."1.2.7 roblox".dependencies]
"wally#jsdotlua/collections" = ["1.2.7 roblox", "collections"]

[graph."wally#jsdotlua/timers"."1.2.7 roblox".pkg_ref]
ref_ty = "wally"
wally = "wally#jsdotlua/timers"
version = "1.2.7"
index_url = "https://github.com/UpliftGames/wally-index"

[graph."wally#jsdotlua/timers"."1.2.7 roblox".pkg_ref.dependencies]
collections = [{ wally = "wally#jsdotlua/collections", version = ">=1.2.7, <2.0.0", index = "https://github.com/UpliftGames/wally-index" }, "standard"]
